{
  "lockfileVersion": 1,
  "workspaces": {
    "": {
      "name": "tool-builder-ai-sdk",
      "dependencies": {
        "ai": "^5.0.0",
        "zod": "^4.0.14",
      },
      "devDependencies": {
        "@types/bun": "latest",
      },
      "peerDependencies": {
        "typescript": "^5",
      },
    },
  },
  "packages": {
    "@ai-sdk/gateway": ["@ai-sdk/gateway@1.0.0", "", { "dependencies": { "@ai-sdk/provider": "2.0.0", "@ai-sdk/provider-utils": "3.0.0" }, "peerDependencies": { "zod": "^3.25.76 || ^4" } }, "sha512-VEm87DyRx1yIPywbTy8ntoyh4jEDv1rJ88m+2I7zOm08jJI5BhFtAWh0OF6YzZu1Vu4NxhOWO4ssGdsqydDQ3A=="],

    "@ai-sdk/provider": ["@ai-sdk/provider@2.0.0", "", { "dependencies": { "json-schema": "^0.4.0" } }, "sha512-6o7Y2SeO9vFKB8lArHXehNuusnpddKPk7xqL7T2/b+OvXMRIXUO1rR4wcv1hAFUAT9avGZshty3Wlua/XA7TvA=="],

    "@ai-sdk/provider-utils": ["@ai-sdk/provider-utils@3.0.0", "", { "dependencies": { "@ai-sdk/provider": "2.0.0", "@standard-schema/spec": "^1.0.0", "eventsource-parser": "^3.0.3", "zod-to-json-schema": "^3.24.1" }, "peerDependencies": { "zod": "^3.25.76 || ^4" } }, "sha512-BoQZtGcBxkeSH1zK+SRYNDtJPIPpacTeiMZqnG4Rv6xXjEwM0FH4MGs9c+PlhyEWmQCzjRM2HAotEydFhD4dYw=="],

    "@opentelemetry/api": ["@opentelemetry/api@1.9.0", "", {}, "sha512-3giAOQvZiH5F9bMlMiv8+GSPMeqg0dbaeo58/0SlA9sxSqZhnUtxzX9/2FzyhS9sWQf5S0GJE0AKBrFqjpeYcg=="],

    "@standard-schema/spec": ["@standard-schema/spec@1.0.0", "", {}, "sha512-m2bOd0f2RT9k8QJx1JN85cZYyH1RqFBdlwtkSlf4tBDYLCiiZnv1fIIwacK6cqwXavOydf0NPToMQgpKq+dVlA=="],

    "@types/bun": ["@types/bun@1.2.19", "", { "dependencies": { "bun-types": "1.2.19" } }, "sha512-d9ZCmrH3CJ2uYKXQIUuZ/pUnTqIvLDS0SK7pFmbx8ma+ziH/FRMoAq5bYpRG7y+w1gl+HgyNZbtqgMq4W4e2Lg=="],

    "@types/node": ["@types/node@24.1.0", "", { "dependencies": { "undici-types": "~7.8.0" } }, "sha512-ut5FthK5moxFKH2T1CUOC6ctR67rQRvvHdFLCD2Ql6KXmMuCrjsSsRI9UsLCm9M18BMwClv4pn327UvB7eeO1w=="],

    "@types/react": ["@types/react@19.1.9", "", { "dependencies": { "csstype": "^3.0.2" } }, "sha512-WmdoynAX8Stew/36uTSVMcLJJ1KRh6L3IZRx1PZ7qJtBqT3dYTgyDTx8H1qoRghErydW7xw9mSJ3wS//tCRpFA=="],

    "ai": ["ai@5.0.0", "", { "dependencies": { "@ai-sdk/gateway": "1.0.0", "@ai-sdk/provider": "2.0.0", "@ai-sdk/provider-utils": "3.0.0", "@opentelemetry/api": "1.9.0" }, "peerDependencies": { "zod": "^3.25.76 || ^4" } }, "sha512-F4jOhOSeiZD8lXpF4l1hRqyM1jbqoLKGVZNxAP467wmQCsWUtElMa3Ki5PrDMq6qvUNC3deUKfERDAsfj7IDlg=="],

    "bun-types": ["bun-types@1.2.19", "", { "dependencies": { "@types/node": "*" }, "peerDependencies": { "@types/react": "^19" } }, "sha512-uAOTaZSPuYsWIXRpj7o56Let0g/wjihKCkeRqUBhlLVM/Bt+Fj9xTo+LhC1OV1XDaGkz4hNC80et5xgy+9KTHQ=="],

    "csstype": ["csstype@3.1.3", "", {}, "sha512-M1uQkMl8rQK/szD0LNhtqxIPLpimGm8sOBwU7lLnCpSbTyY3yeU1Vc7l4KT5zT4s/yOxHH5O7tIuuLOCnLADRw=="],

    "eventsource-parser": ["eventsource-parser@3.0.3", "", {}, "sha512-nVpZkTMM9rF6AQ9gPJpFsNAMt48wIzB5TQgiTLdHiuO8XEDhUgZEhqKlZWXbIzo9VmJ/HvysHqEaVeD5v9TPvA=="],

    "json-schema": ["json-schema@0.4.0", "", {}, "sha512-es94M3nTIfsEPisRafak+HDLfHXnKBhV3vU5eqPcS3flIWqcxJWgXHXiey3YrpaNsanY5ei1VoYEbOzijuq9BA=="],

    "typescript": ["typescript@5.9.2", "", { "bin": { "tsc": "bin/tsc", "tsserver": "bin/tsserver" } }, "sha512-CWBzXQrc/qOkhidw1OzBTQuYRbfyxDXJMVJ1XNwUHGROVmuaeiEm3OslpZ1RV96d7SKKjZKrSJu3+t/xlw3R9A=="],

    "undici-types": ["undici-types@7.8.0", "", {}, "sha512-9UJ2xGDvQ43tYyVMpuHlsgApydB8ZKfVYTsLDhXkFL/6gfkp+U8xTGdh8pMJv1SpZna0zxG1DwsKZsreLbXBxw=="],

    "zod": ["zod@4.0.14", "", {}, "sha512-nGFJTnJN6cM2v9kXL+SOBq3AtjQby3Mv5ySGFof5UGRHrRioSJ5iG680cYNjE/yWk671nROcpPj4hAS8nyLhSw=="],

    "zod-to-json-schema": ["zod-to-json-schema@3.24.6", "", { "peerDependencies": { "zod": "^3.24.1" } }, "sha512-h/z3PKvcTcTetyjl1fkj79MHNEjm+HpD6NXheWjzOekY7kV+lwDYnHw+ivHkijnCSMz1yJaWBD9vu/Fcmk+vEg=="],
  }
}
